
Microsoft Visual Studio Solution File, Format Version 12.00
# Visual Studio Version 17
VisualStudioVersion = 17.7.34221.43
MinimumVisualStudioVersion = 10.0.40219.1
Project("{888888A0-9F3D-457C-B088-3A5042F75D52}") = "PRIIPS_History", "PRIIPS_History.pyproj", "{5FC060F1-ADC0-432A-AB9A-00534EDF1280}"
EndProject
Global
	GlobalSection(SolutionConfigurationPlatforms) = preSolution
		Debug|Any CPU = Debug|Any CPU
		Release|Any CPU = Release|Any CPU
	EndGlobalSection
	GlobalSection(ProjectConfigurationPlatforms) = postSolution
		{5FC060F1-ADC0-432A-AB9A-00534EDF1280}.Debug|Any CPU.ActiveCfg = Debug|Any CPU
		{5FC060F1-ADC0-432A-AB9A-00534EDF1280}.Release|Any CPU.ActiveCfg = Release|Any CPU
	EndGlobalSection
	GlobalSection(SolutionProperties) = preSolution
		HideSolutionNode = FALSE
	EndGlobalSection
	GlobalSection(ExtensibilityGlobals) = postSolution
		SolutionGuid = {D7BC91C5-445D-4C54-9F15-E97E1F2CDF9C}
	EndGlobalSection
EndGlobal
